<?xml version="1.0" encoding="utf-8"?>
<Project ToolsVersion="4.0" xmlns="http://schemas.microsoft.com/developer/msbuild/2003">
  <ItemGroup>
    <Filter Include="Source Files">
      <UniqueIdentifier>{4FC737F1-C7A5-4376-A066-2A32D752A2FF}</UniqueIdentifier>
      <Extensions>cpp;c;cc;cxx;def;odl;idl;hpj;bat;asm;asmx</Extensions>
    </Filter>
    <Filter Include="Header Files">
      <UniqueIdentifier>{93995380-89BD-4b04-88EB-625FBE52EBFB}</UniqueIdentifier>
      <Extensions>h;hh;hpp;hxx;hm;inl;inc;xsd</Extensions>
    </Filter>
    <Filter Include="Resource Files">
      <UniqueIdentifier>{67DA6AB6-F800-4c08-8B7A-83BB121AAD01}</UniqueIdentifier>
      <Extensions>rc;ico;cur;bmp;dlg;rc2;rct;bin;rgs;gif;jpg;jpeg;jpe;resx;tiff;tif;png;wav</Extensions>
    </Filter>
  </ItemGroup>
  <ItemGroup>
    <ClCompile Include="acars.cpp">
      <Filter>Source Files</Filter>
    </ClCompile>
    <ClCompile Include="decode.cpp">
      <Filter>Source Files</Filter>
    </ClCompile>
    <ClCompile Include="ermes.cpp">
      <Filter>Source Files</Filter>
    </ClCompile>
    <ClCompile Include="Flex.cpp">
      <Filter>Source Files</Filter>
    </ClCompile>
    <ClCompile Include="Gfx.cpp">
      <Filter>Source Files</Filter>
    </ClCompile>
    <ClCompile Include="helper_funcs.cpp">
      <Filter>Source Files</Filter>
    </ClCompile>
    <ClCompile Include="Initapp.cpp">
      <Filter>Source Files</Filter>
    </ClCompile>
    <ClCompile Include="language.cpp">
      <Filter>Source Files</Filter>
    </ClCompile>
    <ClCompile Include="menu.cpp">
      <Filter>Source Files</Filter>
    </ClCompile>
    <ClCompile Include="Misc.cpp">
      <Filter>Source Files</Filter>
    </ClCompile>
    <ClCompile Include="mobitex.cpp">
      <Filter>Source Files</Filter>
    </ClCompile>
    <ClCompile Include="PDW.cpp">
      <Filter>Source Files</Filter>
    </ClCompile>
    <ClCompile Include="Pocsag.cpp">
      <Filter>Source Files</Filter>
    </ClCompile>
    <ClCompile Include="printer.cpp">
      <Filter>Source Files</Filter>
    </ClCompile>
    <ClCompile Include="sigind.cpp">
      <Filter>Source Files</Filter>
    </ClCompile>
    <ClCompile Include="sound_in.cpp">
      <Filter>Source Files</Filter>
    </ClCompile>
    <ClCompile Include="toolbar.cpp">
      <Filter>Source Files</Filter>
    </ClCompile>
    <ClCompile Include="utils\binary.cpp">
      <Filter>Source Files</Filter>
    </ClCompile>
    <ClCompile Include="utils\Debug.cpp">
      <Filter>Source Files</Filter>
    </ClCompile>
    <ClCompile Include="utils\ipcnfg.cpp">
      <Filter>Source Files</Filter>
    </ClCompile>
    <ClCompile Include="utils\Ostype.cpp">
      <Filter>Source Files</Filter>
    </ClCompile>
    <ClCompile Include="utils\rs232.cpp">
      <Filter>Source Files</Filter>
    </ClCompile>
    <ClCompile Include="utils\smtp.cpp">
      <Filter>Source Files</Filter>
    </ClCompile>
    <ClCompile Include="utils\OSTYPE.C">
      <Filter>Source Files</Filter>
    </ClCompile>
  </ItemGroup>
  <ItemGroup>
    <ClInclude Include="resrc1.h">
      <Filter>Header Files</Filter>
    </ClInclude>
    <ClInclude Include="headers\acars.h">
      <Filter>Header Files</Filter>
    </ClInclude>
    <ClInclude Include="headers\decode.h">
      <Filter>Header Files</Filter>
    </ClInclude>
    <ClInclude Include="headers\ermes.h">
      <Filter>Header Files</Filter>
    </ClInclude>
    <ClInclude Include="headers\gfx.h">
      <Filter>Header Files</Filter>
    </ClInclude>
    <ClInclude Include="headers\helper_funcs.h">
      <Filter>Header Files</Filter>
    </ClInclude>
    <ClInclude Include="headers\html.h">
      <Filter>Header Files</Filter>
    </ClInclude>
    <ClInclude Include="headers\initapp.h">
      <Filter>Header Files</Filter>
    </ClInclude>
    <ClInclude Include="headers\language.h">
      <Filter>Header Files</Filter>
    </ClInclude>
    <ClInclude Include="headers\menu.h">
      <Filter>Header Files</Filter>
    </ClInclude>
    <ClInclude Include="headers\misc.h">
      <Filter>Header Files</Filter>
    </ClInclude>
    <ClInclude Include="headers\mobitex.h">
      <Filter>Header Files</Filter>
    </ClInclude>
    <ClInclude Include="headers\pdw.h">
      <Filter>Header Files</Filter>
    </ClInclude>
    <ClInclude Include="headers\printer.h">
      <Filter>Header Files</Filter>
    </ClInclude>
    <ClInclude Include="headers\Resource.h">
      <Filter>Header Files</Filter>
    </ClInclude>
    <ClInclude Include="headers\sigind.h">
      <Filter>Header Files</Filter>
    </ClInclude>
    <ClInclude Include="headers\SLICER.H">
      <Filter>Header Files</Filter>
    </ClInclude>
    <ClInclude Include="headers\sound_in.h">
      <Filter>Header Files</Filter>
    </ClInclude>
    <ClInclude Include="headers\toolbar.h">
      <Filter>Header Files</Filter>
    </ClInclude>
    <ClInclude Include="openssl-0.9.8l\inc32\openssl\aes.h">
      <Filter>Header Files</Filter>
    </ClInclude>
    <ClInclude Include="openssl-0.9.8l\inc32\openssl\asn1.h">
      <Filter>Header Files</Filter>
    </ClInclude>
    <ClInclude Include="openssl-0.9.8l\inc32\openssl\asn1t.h">
      <Filter>Header Files</Filter>
    </ClInclude>
    <ClInclude Include="openssl-0.9.8l\inc32\openssl\asn1_mac.h">
      <Filter>Header Files</Filter>
    </ClInclude>
    <ClInclude Include="openssl-0.9.8l\inc32\openssl\bio.h">
      <Filter>Header Files</Filter>
    </ClInclude>
    <ClInclude Include="openssl-0.9.8l\inc32\openssl\blowfish.h">
      <Filter>Header Files</Filter>
    </ClInclude>
    <ClInclude Include="openssl-0.9.8l\inc32\openssl\bn.h">
      <Filter>Header Files</Filter>
    </ClInclude>
    <ClInclude Include="openssl-0.9.8l\inc32\openssl\buffer.h">
      <Filter>Header Files</Filter>
    </ClInclude>
    <ClInclude Include="openssl-0.9.8l\inc32\openssl\cast.h">
      <Filter>Header Files</Filter>
    </ClInclude>
    <ClInclude Include="openssl-0.9.8l\inc32\openssl\comp.h">
      <Filter>Header Files</Filter>
    </ClInclude>
    <ClInclude Include="openssl-0.9.8l\inc32\openssl\conf.h">
      <Filter>Header Files</Filter>
    </ClInclude>
    <ClInclude Include="openssl-0.9.8l\inc32\openssl\conf_api.h">
      <Filter>Header Files</Filter>
    </ClInclude>
    <ClInclude Include="openssl-0.9.8l\inc32\openssl\crypto.h">
      <Filter>Header Files</Filter>
    </ClInclude>
    <ClInclude Include="openssl-0.9.8l\inc32\openssl\des.h">
      <Filter>Header Files</Filter>
    </ClInclude>
    <ClInclude Include="openssl-0.9.8l\inc32\openssl\des_old.h">
      <Filter>Header Files</Filter>
    </ClInclude>
    <ClInclude Include="openssl-0.9.8l\inc32\openssl\dh.h">
      <Filter>Header Files</Filter>
    </ClInclude>
    <ClInclude Include="openssl-0.9.8l\inc32\openssl\dsa.h">
      <Filter>Header Files</Filter>
    </ClInclude>
    <ClInclude Include="openssl-0.9.8l\inc32\openssl\dso.h">
      <Filter>Header Files</Filter>
    </ClInclude>
    <ClInclude Include="openssl-0.9.8l\inc32\openssl\dtls1.h">
      <Filter>Header Files</Filter>
    </ClInclude>
    <ClInclude Include="openssl-0.9.8l\inc32\openssl\ebcdic.h">
      <Filter>Header Files</Filter>
    </ClInclude>
    <ClInclude Include="openssl-0.9.8l\inc32\openssl\ec.h">
      <Filter>Header Files</Filter>
    </ClInclude>
    <ClInclude Include="openssl-0.9.8l\inc32\openssl\ecdh.h">
      <Filter>Header Files</Filter>
    </ClInclude>
    <ClInclude Include="openssl-0.9.8l\inc32\openssl\ecdsa.h">
      <Filter>Header Files</Filter>
    </ClInclude>
    <ClInclude Include="openssl-0.9.8l\inc32\openssl\engine.h">
      <Filter>Header Files</Filter>
    </ClInclude>
    <ClInclude Include="openssl-0.9.8l\inc32\openssl\err.h">
      <Filter>Header Files</Filter>
    </ClInclude>
    <ClInclude Include="openssl-0.9.8l\inc32\openssl\evp.h">
      <Filter>Header Files</Filter>
    </ClInclude>
    <ClInclude Include="openssl-0.9.8l\inc32\openssl\e_os2.h">
      <Filter>Header Files</Filter>
    </ClInclude>
    <ClInclude Include="openssl-0.9.8l\inc32\openssl\hmac.h">
      <Filter>Header Files</Filter>
    </ClInclude>
    <ClInclude Include="openssl-0.9.8l\inc32\openssl\idea.h">
      <Filter>Header Files</Filter>
    </ClInclude>
    <ClInclude Include="openssl-0.9.8l\inc32\openssl\krb5_asn.h">
      <Filter>Header Files</Filter>
    </ClInclude>
    <ClInclude Include="openssl-0.9.8l\inc32\openssl\kssl.h">
      <Filter>Header Files</Filter>
    </ClInclude>
    <ClInclude Include="openssl-0.9.8l\inc32\openssl\lhash.h">
      <Filter>Header Files</Filter>
    </ClInclude>
    <ClInclude Include="openssl-0.9.8l\inc32\openssl\md2.h">
      <Filter>Header Files</Filter>
    </ClInclude>
    <ClInclude Include="openssl-0.9.8l\inc32\openssl\md4.h">
      <Filter>Header Files</Filter>
    </ClInclude>
    <ClInclude Include="openssl-0.9.8l\inc32\openssl\md5.h">
      <Filter>Header Files</Filter>
    </ClInclude>
    <ClInclude Include="openssl-0.9.8l\inc32\openssl\objects.h">
      <Filter>Header Files</Filter>
    </ClInclude>
    <ClInclude Include="openssl-0.9.8l\inc32\openssl\obj_mac.h">
      <Filter>Header Files</Filter>
    </ClInclude>
    <ClInclude Include="openssl-0.9.8l\inc32\openssl\ocsp.h">
      <Filter>Header Files</Filter>
    </ClInclude>
    <ClInclude Include="openssl-0.9.8l\inc32\openssl\opensslconf.h">
      <Filter>Header Files</Filter>
    </ClInclude>
    <ClInclude Include="openssl-0.9.8l\inc32\openssl\opensslv.h">
      <Filter>Header Files</Filter>
    </ClInclude>
    <ClInclude Include="openssl-0.9.8l\inc32\openssl\ossl_typ.h">
      <Filter>Header Files</Filter>
    </ClInclude>
    <ClInclude Include="openssl-0.9.8l\inc32\openssl\pem.h">
      <Filter>Header Files</Filter>
    </ClInclude>
    <ClInclude Include="openssl-0.9.8l\inc32\openssl\pem2.h">
      <Filter>Header Files</Filter>
    </ClInclude>
    <ClInclude Include="openssl-0.9.8l\inc32\openssl\pkcs12.h">
      <Filter>Header Files</Filter>
    </ClInclude>
    <ClInclude Include="openssl-0.9.8l\inc32\openssl\pkcs7.h">
      <Filter>Header Files</Filter>
    </ClInclude>
    <ClInclude Include="openssl-0.9.8l\inc32\openssl\pqueue.h">
      <Filter>Header Files</Filter>
    </ClInclude>
    <ClInclude Include="openssl-0.9.8l\inc32\openssl\pq_compat.h">
      <Filter>Header Files</Filter>
    </ClInclude>
    <ClInclude Include="openssl-0.9.8l\inc32\openssl\rand.h">
      <Filter>Header Files</Filter>
    </ClInclude>
    <ClInclude Include="openssl-0.9.8l\inc32\openssl\rc2.h">
      <Filter>Header Files</Filter>
    </ClInclude>
    <ClInclude Include="openssl-0.9.8l\inc32\openssl\rc4.h">
      <Filter>Header Files</Filter>
    </ClInclude>
    <ClInclude Include="openssl-0.9.8l\inc32\openssl\ripemd.h">
      <Filter>Header Files</Filter>
    </ClInclude>
    <ClInclude Include="openssl-0.9.8l\inc32\openssl\rsa.h">
      <Filter>Header Files</Filter>
    </ClInclude>
    <ClInclude Include="openssl-0.9.8l\inc32\openssl\safestack.h">
      <Filter>Header Files</Filter>
    </ClInclude>
    <ClInclude Include="openssl-0.9.8l\inc32\openssl\sha.h">
      <Filter>Header Files</Filter>
    </ClInclude>
    <ClInclude Include="openssl-0.9.8l\inc32\openssl\ssl.h">
      <Filter>Header Files</Filter>
    </ClInclude>
    <ClInclude Include="openssl-0.9.8l\inc32\openssl\ssl2.h">
      <Filter>Header Files</Filter>
    </ClInclude>
    <ClInclude Include="openssl-0.9.8l\inc32\openssl\ssl23.h">
      <Filter>Header Files</Filter>
    </ClInclude>
    <ClInclude Include="openssl-0.9.8l\inc32\openssl\ssl3.h">
      <Filter>Header Files</Filter>
    </ClInclude>
    <ClInclude Include="openssl-0.9.8l\inc32\openssl\stack.h">
      <Filter>Header Files</Filter>
    </ClInclude>
    <ClInclude Include="openssl-0.9.8l\inc32\openssl\store.h">
      <Filter>Header Files</Filter>
    </ClInclude>
    <ClInclude Include="openssl-0.9.8l\inc32\openssl\symhacks.h">
      <Filter>Header Files</Filter>
    </ClInclude>
    <ClInclude Include="openssl-0.9.8l\inc32\openssl\tls1.h">
      <Filter>Header Files</Filter>
    </ClInclude>
    <ClInclude Include="openssl-0.9.8l\inc32\openssl\tmdiff.h">
      <Filter>Header Files</Filter>
    </ClInclude>
    <ClInclude Include="openssl-0.9.8l\inc32\openssl\txt_db.h">
      <Filter>Header Files</Filter>
    </ClInclude>
    <ClInclude Include="openssl-0.9.8l\inc32\openssl\ui.h">
      <Filter>Header Files</Filter>
    </ClInclude>
    <ClInclude Include="openssl-0.9.8l\inc32\openssl\ui_compat.h">
      <Filter>Header Files</Filter>
    </ClInclude>
    <ClInclude Include="openssl-0.9.8l\inc32\openssl\x509.h">
      <Filter>Header Files</Filter>
    </ClInclude>
    <ClInclude Include="openssl-0.9.8l\inc32\openssl\x509v3.h">
      <Filter>Header Files</Filter>
    </ClInclude>
    <ClInclude Include="openssl-0.9.8l\inc32\openssl\x509_vfy.h">
      <Filter>Header Files</Filter>
    </ClInclude>
    <ClInclude Include="utils\binary.h">
      <Filter>Header Files</Filter>
    </ClInclude>
    <ClInclude Include="utils\debug.h">
      <Filter>Header Files</Filter>
    </ClInclude>
    <ClInclude Include="utils\globals.h">
      <Filter>Header Files</Filter>
    </ClInclude>
    <ClInclude Include="utils\ipcnfg.h">
      <Filter>Header Files</Filter>
    </ClInclude>
    <ClInclude Include="utils\OSTYPE.H">
      <Filter>Header Files</Filter>
    </ClInclude>
    <ClInclude Include="utils\rs232.h">
      <Filter>Header Files</Filter>
    </ClInclude>
    <ClInclude Include="utils\smtp.h">
      <Filter>Header Files</Filter>
    </ClInclude>
    <ClInclude Include="utils\smtp_int.h">
      <Filter>Header Files</Filter>
    </ClInclude>
  </ItemGroup>
  <ItemGroup>
    <ResourceCompile Include="Rsrc.rc">
      <Filter>Resource Files</Filter>
    </ResourceCompile>
  </ItemGroup>
</Project>